PODS:
  - Capacitor (7.5.0):
    - CapacitorCordova
  - CapacitorCamera (7.0.4):
    - Capacitor
  - CapacitorCommunityCameraPreview (7.0.4):
    - Capacitor
  - CapacitorCordova (7.5.0)

DEPENDENCIES:
  - "Capacitor (from `../../node_modules/@capacitor/ios`)"
  - "CapacitorCamera (from `../../node_modules/@capacitor/camera`)"
  - "CapacitorCommunityCameraPreview (from `../../node_modules/@capacitor-community/camera-preview`)"
  - "CapacitorCordova (from `../../node_modules/@capacitor/ios`)"

EXTERNAL SOURCES:
  Capacitor:
    :path: "../../node_modules/@capacitor/ios"
  CapacitorCamera:
    :path: "../../node_modules/@capacitor/camera"
  CapacitorCommunityCameraPreview:
    :path: "../../node_modules/@capacitor-community/camera-preview"
  CapacitorCordova:
    :path: "../../node_modules/@capacitor/ios"

SPEC CHECKSUMS:
  Capacitor: 0a78ec6b54580fa055c11744a4e83cd7942d98ca
  CapacitorCamera: 3158866d7ab503bb04e190e679d28c55def20088
  CapacitorCommunityCameraPreview: 44c56001c577be07d7c7674c335e1af908112b84
  CapacitorCordova: ae35646a9b46cfd00d637f195509c86594026aad

PODFILE CHECKSUM: 55fa3a2703fd200121a407b6e48f09c50a333c61

COCOAPODS: 1.16.2
